// !$*UTF8*$!
{
	archiveVersion = 1;
	classes = {
	};
	objectVersion = 55;
	objects = {

/* Begin PBXBuildFile section */
		49D3635A284CFB6F0065B04A /* VisionAPI.swift in Sources */ = {isa = PBXBuildFile; fileRef = 49D36359284CFB6F0065B04A /* VisionAPI.swift */; };
		49D3635B284CFB6F0065B04A /* VisionAPI.swift in Sources */ = {isa = PBXBuildFile; fileRef = 49D36359284CFB6F0065B04A /* VisionAPI.swift */; };
		49D3635D284D06330065B04A /* RectOverlay.swift in Sources */ = {isa = PBXBuildFile; fileRef = 49D3635C284D06330065B04A /* RectOverlay.swift */; };
		49D3635E284D06330065B04A /* RectOverlay.swift in Sources */ = {isa = PBXBuildFile; fileRef = 49D3635C284D06330065B04A /* RectOverlay.swift */; };
		49E23AEB284B37F3004C8BA5 /* ExtractGlyphsFromImageApp.swift in Sources */ = {isa = PBXBuildFile; fileRef = 49E23ADB284B37F2004C8BA5 /* ExtractGlyphsFromImageApp.swift */; };
		49E23AEC284B37F3004C8BA5 /* ExtractGlyphsFromImageApp.swift in Sources */ = {isa = PBXBuildFile; fileRef = 49E23ADB284B37F2004C8BA5 /* ExtractGlyphsFromImageApp.swift */; };
		49E23AED284B37F3004C8BA5 /* ContentView.swift in Sources */ = {isa = PBXBuildFile; fileRef = 49E23ADC284B37F2004C8BA5 /* ContentView.swift */; };
		49E23AEE284B37F3004C8BA5 /* ContentView.swift in Sources */ = {isa = PBXBuildFile; fileRef = 49E23ADC284B37F2004C8BA5 /* ContentView.swift */; };
		49E23AEF284B37F3004C8BA5 /* Assets.xcassets in Resources */ = {isa = PBXBuildFile; fileRef = 49E23ADD284B37F3004C8BA5 /* Assets.xcassets */; };
		49E23AF0284B37F3004C8BA5 /* Assets.xcassets in Resources */ = {isa = PBXBuildFile; fileRef = 49E23ADD284B37F3004C8BA5 /* Assets.xcassets */; };
		49E23AFB284B3D35004C8BA5 /* Algorithms in Frameworks */ = {isa = PBXBuildFile; productRef = 49E23AFA284B3D35004C8BA5 /* Algorithms */; };
/* End PBXBuildFile section */

/* Begin PBXFileReference section */
		49D36359284CFB6F0065B04A /* VisionAPI.swift */ = {isa = PBXFileReference; lastKnownFileType = sourcecode.swift; path = VisionAPI.swift; sourceTree = "<group>"; };
		49D3635C284D06330065B04A /* RectOverlay.swift */ = {isa = PBXFileReference; lastKnownFileType = sourcecode.swift; path = RectOverlay.swift; sourceTree = "<group>"; };
		49E23ADB284B37F2004C8BA5 /* ExtractGlyphsFromImageApp.swift */ = {isa = PBXFileReference; lastKnownFileType = sourcecode.swift; path = ExtractGlyphsFromImageApp.swift; sourceTree = "<group>"; };
		49E23ADC284B37F2004C8BA5 /* ContentView.swift */ = {isa = PBXFileReference; lastKnownFileType = sourcecode.swift; path = ContentView.swift; sourceTree = "<group>"; };
		49E23ADD284B37F3004C8BA5 /* Assets.xcassets */ = {isa = PBXFileReference; lastKnownFileType = folder.assetcatalog; path = Assets.xcassets; sourceTree = "<group>"; };
		49E23AE2284B37F3004C8BA5 /* ExtractGlyphsFromImage.app */ = {isa = PBXFileReference; explicitFileType = wrapper.application; includeInIndex = 0; path = ExtractGlyphsFromImage.app; sourceTree = BUILT_PRODUCTS_DIR; };
		49E23AE8284B37F3004C8BA5 /* ExtractGlyphsFromImage.app */ = {isa = PBXFileReference; explicitFileType = wrapper.application; includeInIndex = 0; path = ExtractGlyphsFromImage.app; sourceTree = BUILT_PRODUCTS_DIR; };
		49E23AEA284B37F3004C8BA5 /* macOS.entitlements */ = {isa = PBXFileReference; lastKnownFileType = text.plist.entitlements; path = macOS.entitlements; sourceTree = "<group>"; };
/* End PBXFileReference section */

/* Begin PBXFrameworksBuildPhase section */
		49E23ADF284B37F3004C8BA5 /* Frameworks */ = {
			isa = PBXFrameworksBuildPhase;
			buildActionMask = 2147483647;
			files = (
			);
			runOnlyForDeploymentPostprocessing = 0;
		};
		49E23AE5284B37F3004C8BA5 /* Frameworks */ = {
			isa = PBXFrameworksBuildPhase;
			buildActionMask = 2147483647;
			files = (
				49E23AFB284B3D35004C8BA5 /* Algorithms in Frameworks */,
			);
			runOnlyForDeploymentPostprocessing = 0;
		};
/* End PBXFrameworksBuildPhase section */

/* Begin PBXGroup section */
		49E23AD5284B37F2004C8BA5 = {
			isa = PBXGroup;
			children = (
				49E23ADA284B37F2004C8BA5 /* Shared */,
				49E23AE9284B37F3004C8BA5 /* macOS */,
				49E23AE3284B37F3004C8BA5 /* Products */,
			);
			sourceTree = "<group>";
		};
		49E23ADA284B37F2004C8BA5 /* Shared */ = {
			isa = PBXGroup;
			children = (
				49E23ADB284B37F2004C8BA5 /* ExtractGlyphsFromImageApp.swift */,
				49E23ADC284B37F2004C8BA5 /* ContentView.swift */,
				49D3635C284D06330065B04A /* RectOverlay.swift */,
				49D36359284CFB6F0065B04A /* VisionAPI.swift */,
				49E23ADD284B37F3004C8BA5 /* Assets.xcassets */,
			);
			path = Shared;
			sourceTree = "<group>";
		};
		49E23AE3284B37F3004C8BA5 /* Products */ = {
			isa = PBXGroup;
			children = (
				49E23AE2284B37F3004C8BA5 /* ExtractGlyphsFromImage.app */,
				49E23AE8284B37F3004C8BA5 /* ExtractGlyphsFromImage.app */,
			);
			name = Products;
			sourceTree = "<group>";
		};
		49E23AE9284B37F3004C8BA5 /* macOS */ = {
			isa = PBXGroup;
			children = (
				49E23AEA284B37F3004C8BA5 /* macOS.entitlements */,
			);
			path = macOS;
			sourceTree = "<group>";
		};
/* End PBXGroup section */

/* Begin PBXNativeTarget section */
		49E23AE1284B37F3004C8BA5 /* ExtractGlyphsFromImage (iOS) */ = {
			isa = PBXNativeTarget;
			buildConfigurationList = 49E23AF3284B37F3004C8BA5 /* Build configuration list for PBXNativeTarget "ExtractGlyphsFromImage (iOS)" */;
			buildPhases = (
				49E23ADE284B37F3004C8BA5 /* Sources */,
				49E23ADF284B37F3004C8BA5 /* Frameworks */,
				49E23AE0284B37F3004C8BA5 /* Resources */,
			);
			buildRules = (
			);
			dependencies = (
			);
			name = "ExtractGlyphsFromImage (iOS)";
			productName = "ExtractGlyphsFromImage (iOS)";
			productReference = 49E23AE2284B37F3004C8BA5 /* ExtractGlyphsFromImage.app */;
			productType = "com.apple.product-type.application";
		};
		49E23AE7284B37F3004C8BA5 /* ExtractGlyphsFromImage (macOS) */ = {
			isa = PBXNativeTarget;
			buildConfigurationList = 49E23AF6284B37F3004C8BA5 /* Build configuration list for PBXNativeTarget "ExtractGlyphsFromImage (macOS)" */;
			buildPhases = (
				49E23AE4284B37F3004C8BA5 /* Sources */,
				49E23AE5284B37F3004C8BA5 /* Frameworks */,
				49E23AE6284B37F3004C8BA5 /* Resources */,
			);
			buildRules = (
			);
			dependencies = (
			);
			name = "ExtractGlyphsFromImage (macOS)";
			packageProductDependencies = (
				49E23AFA284B3D35004C8BA5 /* Algorithms */,
			);
			productName = "ExtractGlyphsFromImage (macOS)";
			productReference = 49E23AE8284B37F3004C8BA5 /* ExtractGlyphsFromImage.app */;
			productType = "com.apple.product-type.application";
		};
/* End PBXNativeTarget section */

/* Begin PBXProject section */
		49E23AD6284B37F2004C8BA5 /* Project object */ = {
			isa = PBXProject;
			attributes = {
				BuildIndependentTargetsInParallel = 1;
				LastSwiftUpdateCheck = 1340;
				LastUpgradeCheck = 1340;
				TargetAttributes = {
					49E23AE1284B37F3004C8BA5 = {
						CreatedOnToolsVersion = 13.4;
					};
					49E23AE7284B37F3004C8BA5 = {
						CreatedOnToolsVersion = 13.4;
					};
				};
			};
			buildConfigurationList = 49E23AD9284B37F2004C8BA5 /* Build configuration list for PBXProject "ExtractGlyphsFromImage" */;
			compatibilityVersion = "Xcode 13.0";
			developmentRegion = en;
			hasScannedForEncodings = 0;
			knownRegions = (
				en,
				Base,
			);
			mainGroup = 49E23AD5284B37F2004C8BA5;
			packageReferences = (
				49E23AF9284B3D35004C8BA5 /* XCRemoteSwiftPackageReference "swift-algorithms" */,
			);
			productRefGroup = 49E23AE3284B37F3004C8BA5 /* Products */;
			projectDirPath = "";
			projectRoot = "";
			targets = (
				49E23AE1284B37F3004C8BA5 /* ExtractGlyphsFromImage (iOS) */,
				49E23AE7284B37F3004C8BA5 /* ExtractGlyphsFromImage (macOS) */,
			);
		};
/* End PBXProject section */

/* Begin PBXResourcesBuildPhase section */
		49E23AE0284B37F3004C8BA5 /* Resources */ = {
			isa = PBXResourcesBuildPhase;
			buildActionMask = 2147483647;
			files = (
				49E23AEF284B37F3004C8BA5 /* Assets.xcassets in Resources */,
			);
			runOnlyForDeploymentPostprocessing = 0;
		};
		49E23AE6284B37F3004C8BA5 /* Resources */ = {
			isa = PBXResourcesBuildPhase;
			buildActionMask = 2147483647;
			files = (
				49E23AF0284B37F3004C8BA5 /* Assets.xcassets in Resources */,
			);
			runOnlyForDeploymentPostprocessing = 0;
		};
/* End PBXResourcesBuildPhase section */

/* Begin PBXSourcesBuildPhase section */
		49E23ADE284B37F3004C8BA5 /* Sources */ = {
			isa = PBXSourcesBuildPhase;
			buildActionMask = 2147483647;
			files = (
				49D3635D284D06330065B04A /* RectOverlay.swift in Sources */,
				49E23AED284B37F3004C8BA5 /* ContentView.swift in Sources */,
				49E23AEB284B37F3004C8BA5 /* ExtractGlyphsFromImageApp.swift in Sources */,
				49D3635A284CFB6F0065B04A /* VisionAPI.swift in Sources */,
			);
			runOnlyForDeploymentPostprocessing = 0;
		};
		49E23AE4284B37F3004C8BA5 /* Sources */ = {
			isa = PBXSourcesBuildPhase;
			buildActionMask = 2147483647;
			files = (
				49D3635E284D06330065B04A /* RectOverlay.swift in Sources */,
				49E23AEE284B37F3004C8BA5 /* ContentView.swift in Sources */,
				49E23AEC284B37F3004C8BA5 /* ExtractGlyphsFromImageApp.swift in Sources */,
				49D3635B284CFB6F0065B04A /* VisionAPI.swift in Sources */,
			);
			runOnlyForDeploymentPostprocessing = 0;
		};
/* End PBXSourcesBuildPhase section */

/* Begin XCBuildConfiguration section */
		49E23AF1284B37F3004C8BA5 /* Debug */ = {
			isa = XCBuildConfiguration;
			buildSettings = {
				ALWAYS_SEARCH_USER_PATHS = NO;
				CLANG_ANALYZER_NONNULL = YES;
				CLANG_ANALYZER_NUMBER_OBJECT_CONVERSION = YES_AGGRESSIVE;
				CLANG_CXX_LANGUAGE_STANDARD = "gnu++17";
				CLANG_ENABLE_MODULES = YES;
				CLANG_ENABLE_OBJC_ARC = YES;
				CLANG_ENABLE_OBJC_WEAK = YES;
				CLANG_WARN_BLOCK_CAPTURE_AUTORELEASING = YES;
				CLANG_WARN_BOOL_CONVERSION = YES;
				CLANG_WARN_COMMA = YES;
				CLANG_WARN_CONSTANT_CONVERSION = YES;
				CLANG_WARN_DEPRECATED_OBJC_IMPLEMENTATIONS = YES;
				CLANG_WARN_DIRECT_OBJC_ISA_USAGE = YES_ERROR;
				CLANG_WARN_DOCUMENTATION_COMMENTS = YES;
				CLANG_WARN_EMPTY_BODY = YES;
				CLANG_WARN_ENUM_CONVERSION = YES;
				CLANG_WARN_INFINITE_RECURSION = YES;
				CLANG_WARN_INT_CONVERSION = YES;
				CLANG_WARN_NON_LITERAL_NULL_CONVERSION = YES;
				CLANG_WARN_OBJC_IMPLICIT_RETAIN_SELF = YES;
				CLANG_WARN_OBJC_LITERAL_CONVERSION = YES;
				CLANG_WARN_OBJC_ROOT_CLASS = YES_ERROR;
				CLANG_WARN_QUOTED_INCLUDE_IN_FRAMEWORK_HEADER = YES;
				CLANG_WARN_RANGE_LOOP_ANALYSIS = YES;
				CLANG_WARN_STRICT_PROTOTYPES = YES;
				CLANG_WARN_SUSPICIOUS_MOVE = YES;
				CLANG_WARN_UNGUARDED_AVAILABILITY = YES_AGGRESSIVE;
				CLANG_WARN_UNREACHABLE_CODE = YES;
				CLANG_WARN__DUPLICATE_METHOD_MATCH = YES;
				COPY_PHASE_STRIP = NO;
				DEBUG_INFORMATION_FORMAT = dwarf;
				ENABLE_STRICT_OBJC_MSGSEND = YES;
				ENABLE_TESTABILITY = YES;
				GCC_C_LANGUAGE_STANDARD = gnu11;
				GCC_DYNAMIC_NO_PIC = NO;
				GCC_NO_COMMON_BLOCKS = YES;
				GCC_OPTIMIZATION_LEVEL = 0;
				GCC_PREPROCESSOR_DEFINITIONS = (
					"DEBUG=1",
					"$(inherited)",
				);
				GCC_WARN_64_TO_32_BIT_CONVERSION = YES;
				GCC_WARN_ABOUT_RETURN_TYPE = YES_ERROR;
				GCC_WARN_UNDECLARED_SELECTOR = YES;
				GCC_WARN_UNINITIALIZED_AUTOS = YES_AGGRESSIVE;
				GCC_WARN_UNUSED_FUNCTION = YES;
				GCC_WARN_UNUSED_VARIABLE = YES;
				MTL_ENABLE_DEBUG_INFO = INCLUDE_SOURCE;
				MTL_FAST_MATH = YES;
				ONLY_ACTIVE_ARCH = YES;
				SWIFT_ACTIVE_COMPILATION_CONDITIONS = DEBUG;
				SWIFT_OPTIMIZATION_LEVEL = "-Onone";
			};
			name = Debug;
		};
		49E23AF2284B37F3004C8BA5 /* Release */ = {
			isa = XCBuildConfiguration;
			buildSettings = {
				ALWAYS_SEARCH_USER_PATHS = NO;
				CLANG_ANALYZER_NONNULL = YES;
				CLANG_ANALYZER_NUMBER_OBJECT_CONVERSION = YES_AGGRESSIVE;
				CLANG_CXX_LANGUAGE_STANDARD = "gnu++17";
				CLANG_ENABLE_MODULES = YES;
				CLANG_ENABLE_OBJC_ARC = YES;
				CLANG_ENABLE_OBJC_WEAK = YES;
				CLANG_WARN_BLOCK_CAPTURE_AUTORELEASING = YES;
				CLANG_WARN_BOOL_CONVERSION = YES;
				CLANG_WARN_COMMA = YES;
				CLANG_WARN_CONSTANT_CONVERSION = YES;
				CLANG_WARN_DEPRECATED_OBJC_IMPLEMENTATIONS = YES;
				CLANG_WARN_DIRECT_OBJC_ISA_USAGE = YES_ERROR;
				CLANG_WARN_DOCUMENTATION_COMMENTS = YES;
				CLANG_WARN_EMPTY_BODY = YES;
				CLANG_WARN_ENUM_CONVERSION = YES;
				CLANG_WARN_INFINITE_RECURSION = YES;
				CLANG_WARN_INT_CONVERSION = YES;
				CLANG_WARN_NON_LITERAL_NULL_CONVERSION = YES;
				CLANG_WARN_OBJC_IMPLICIT_RETAIN_SELF = YES;
				CLANG_WARN_OBJC_LITERAL_CONVERSION = YES;
				CLANG_WARN_OBJC_ROOT_CLASS = YES_ERROR;
				CLANG_WARN_QUOTED_INCLUDE_IN_FRAMEWORK_HEADER = YES;
				CLANG_WARN_RANGE_LOOP_ANALYSIS = YES;
				CLANG_WARN_STRICT_PROTOTYPES = YES;
				CLANG_WARN_SUSPICIOUS_MOVE = YES;
				CLANG_WARN_UNGUARDED_AVAILABILITY = YES_AGGRESSIVE;
				CLANG_WARN_UNREACHABLE_CODE = YES;
				CLANG_WARN__DUPLICATE_METHOD_MATCH = YES;
				COPY_PHASE_STRIP = NO;
				DEBUG_INFORMATION_FORMAT = "dwarf-with-dsym";
				ENABLE_NS_ASSERTIONS = NO;
				ENABLE_STRICT_OBJC_MSGSEND = YES;
				GCC_C_LANGUAGE_STANDARD = gnu11;
				GCC_NO_COMMON_BLOCKS = YES;
				GCC_WARN_64_TO_32_BIT_CONVERSION = YES;
				GCC_WARN_ABOUT_RETURN_TYPE = YES_ERROR;
				GCC_WARN_UNDECLARED_SELECTOR = YES;
				GCC_WARN_UNINITIALIZED_AUTOS = YES_AGGRESSIVE;
				GCC_WARN_UNUSED_FUNCTION = YES;
				GCC_WARN_UNUSED_VARIABLE = YES;
				MTL_ENABLE_DEBUG_INFO = NO;
				MTL_FAST_MATH = YES;
				SWIFT_COMPILATION_MODE = wholemodule;
				SWIFT_OPTIMIZATION_LEVEL = "-O";
			};
			name = Release;
		};
		49E23AF4284B37F3004C8BA5 /* Debug */ = {
			isa = XCBuildConfiguration;
			buildSettings = {
				ASSETCATALOG_COMPILER_APPICON_NAME = AppIcon;
				ASSETCATALOG_COMPILER_GLOBAL_ACCENT_COLOR_NAME = AccentColor;
				CODE_SIGN_STYLE = Automatic;
				CURRENT_PROJECT_VERSION = 1;
				DEVELOPMENT_TEAM = DDE4G723AJ;
				ENABLE_PREVIEWS = YES;
				GENERATE_INFOPLIST_FILE = YES;
				INFOPLIST_KEY_UIApplicationSceneManifest_Generation = YES;
				INFOPLIST_KEY_UIApplicationSupportsIndirectInputEvents = YES;
				INFOPLIST_KEY_UILaunchScreen_Generation = YES;
				INFOPLIST_KEY_UISupportedInterfaceOrientations_iPad = "UIInterfaceOrientationPortrait UIInterfaceOrientationPortraitUpsideDown UIInterfaceOrientationLandscapeLeft UIInterfaceOrientationLandscapeRight";
				INFOPLIST_KEY_UISupportedInterfaceOrientations_iPhone = "UIInterfaceOrientationPortrait UIInterfaceOrientationLandscapeLeft UIInterfaceOrientationLandscapeRight";
				IPHONEOS_DEPLOYMENT_TARGET = 15.5;
				LD_RUNPATH_SEARCH_PATHS = (
					"$(inherited)",
					"@executable_path/Frameworks",
				);
				MARKETING_VERSION = 1.0;
				PRODUCT_BUNDLE_IDENTIFIER = com.darknoon.ExtractGlyphsFromImage;
				PRODUCT_NAME = ExtractGlyphsFromImage;
				SDKROOT = iphoneos;
				SWIFT_EMIT_LOC_STRINGS = YES;
				SWIFT_VERSION = 5.0;
				TARGETED_DEVICE_FAMILY = "1,2";
			};
			name = Debug;
		};
		49E23AF5284B37F3004C8BA5 /* Release */ = {
			isa = XCBuildConfiguration;
			buildSettings = {
				ASSETCATALOG_COMPILER_APPICON_NAME = AppIcon;
				ASSETCATALOG_COMPILER_GLOBAL_ACCENT_COLOR_NAME = AccentColor;
				CODE_SIGN_STYLE = Automatic;
				CURRENT_PROJECT_VERSION = 1;
				DEVELOPMENT_TEAM = DDE4G723AJ;
				ENABLE_PREVIEWS = YES;
				GENERATE_INFOPLIST_FILE = YES;
				INFOPLIST_KEY_UIApplicationSceneManifest_Generation = YES;
				INFOPLIST_KEY_UIApplicationSupportsIndirectInputEvents = YES;
				INFOPLIST_KEY_UILaunchScreen_Generation = YES;
				INFOPLIST_KEY_UISupportedInterfaceOrientations_iPad = "UIInterfaceOrientationPortrait UIInterfaceOrientationPortraitUpsideDown UIInterfaceOrientationLandscapeLeft UIInterfaceOrientationLandscapeRight";
				INFOPLIST_KEY_UISupportedInterfaceOrientations_iPhone = "UIInterfaceOrientationPortrait UIInterfaceOrientationLandscapeLeft UIInterfaceOrientationLandscapeRight";
				IPHONEOS_DEPLOYMENT_TARGET = 15.5;
				LD_RUNPATH_SEARCH_PATHS = (
					"$(inherited)",
					"@executable_path/Frameworks",
				);
				MARKETING_VERSION = 1.0;
				PRODUCT_BUNDLE_IDENTIFIER = com.darknoon.ExtractGlyphsFromImage;
				PRODUCT_NAME = ExtractGlyphsFromImage;
				SDKROOT = iphoneos;
				SWIFT_EMIT_LOC_STRINGS = YES;
				SWIFT_VERSION = 5.0;
				TARGETED_DEVICE_FAMILY = "1,2";
				VALIDATE_PRODUCT = YES;
			};
			name = Release;
		};
		49E23AF7284B37F3004C8BA5 /* Debug */ = {
			isa = XCBuildConfiguration;
			buildSettings = {
				ASSETCATALOG_COMPILER_APPICON_NAME = AppIcon;
				ASSETCATALOG_COMPILER_GLOBAL_ACCENT_COLOR_NAME = AccentColor;
				CODE_SIGN_ENTITLEMENTS = macOS/macOS.entitlements;
				CODE_SIGN_STYLE = Automatic;
				COMBINE_HIDPI_IMAGES = YES;
				CURRENT_PROJECT_VERSION = 1;
				DEVELOPMENT_TEAM = DDE4G723AJ;
				ENABLE_HARDENED_RUNTIME = YES;
				ENABLE_PREVIEWS = YES;
				GENERATE_INFOPLIST_FILE = YES;
				INFOPLIST_KEY_NSHumanReadableCopyright = "";
				LD_RUNPATH_SEARCH_PATHS = (
					"$(inherited)",
					"@executable_path/../Frameworks",
				);
				MACOSX_DEPLOYMENT_TARGET = 12.3;
				MARKETING_VERSION = 1.0;
				PRODUCT_BUNDLE_IDENTIFIER = com.darknoon.ExtractGlyphsFromImage;
				PRODUCT_NAME = ExtractGlyphsFromImage;
				SDKROOT = macosx;
				SWIFT_EMIT_LOC_STRINGS = YES;
				SWIFT_VERSION = 5.0;
			};
			name = Debug;
		};
		49E23AF8284B37F3004C8BA5 /* Release */ = {
			isa = XCBuildConfiguration;
			buildSettings = {
				ASSETCATALOG_COMPILER_APPICON_NAME = AppIcon;
				ASSETCATALOG_COMPILER_GLOBAL_ACCENT_COLOR_NAME = AccentColor;
				CODE_SIGN_ENTITLEMENTS = macOS/macOS.entitlements;
				CODE_SIGN_STYLE = Automatic;
				COMBINE_HIDPI_IMAGES = YES;
				CURRENT_PROJECT_VERSION = 1;
				DEVELOPMENT_TEAM = DDE4G723AJ;
				ENABLE_HARDENED_RUNTIME = YES;
				ENABLE_PREVIEWS = YES;
				GENERATE_INFOPLIST_FILE = YES;
				INFOPLIST_KEY_NSHumanReadableCopyright = "";
				LD_RUNPATH_SEARCH_PATHS = (
					"$(inherited)",
					"@executable_path/../Frameworks",
				);
				MACOSX_DEPLOYMENT_TARGET = 12.3;
				MARKETING_VERSION = 1.0;
				PRODUCT_BUNDLE_IDENTIFIER = com.darknoon.ExtractGlyphsFromImage;
				PRODUCT_NAME = ExtractGlyphsFromImage;
				SDKROOT = macosx;
				SWIFT_EMIT_LOC_STRINGS = YES;
				SWIFT_VERSION = 5.0;
			};
			name = Release;
		};
/* End XCBuildConfiguration section */

/* Begin XCConfigurationList section */
		49E23AD9284B37F2004C8BA5 /* Build configuration list for PBXProject "ExtractGlyphsFromImage" */ = {
			isa = XCConfigurationList;
			buildConfigurations = (
				49E23AF1284B37F3004C8BA5 /* Debug */,
				49E23AF2284B37F3004C8BA5 /* Release */,
			);
			defaultConfigurationIsVisible = 0;
			defaultConfigurationName = Release;
		};
		49E23AF3284B37F3004C8BA5 /* Build configuration list for PBXNativeTarget "ExtractGlyphsFromImage (iOS)" */ = {
			isa = XCConfigurationList;
			buildConfigurations = (
				49E23AF4284B37F3004C8BA5 /* Debug */,
				49E23AF5284B37F3004C8BA5 /* Release */,
			);
			defaultConfigurationIsVisible = 0;
			defaultConfigurationName = Release;
		};
		49E23AF6284B37F3004C8BA5 /* Build configuration list for PBXNativeTarget "ExtractGlyphsFromImage (macOS)" */ = {
			isa = XCConfigurationList;
			buildConfigurations = (
				49E23AF7284B37F3004C8BA5 /* Debug */,
				49E23AF8284B37F3004C8BA5 /* Release */,
			);
			defaultConfigurationIsVisible = 0;
			defaultConfigurationName = Release;
		};
/* End XCConfigurationList section */

/* Begin XCRemoteSwiftPackageReference section */
		49E23AF9284B3D35004C8BA5 /* XCRemoteSwiftPackageReference "swift-algorithms" */ = {
			isa = XCRemoteSwiftPackageReference;
			repositoryURL = "https://github.com/apple/swift-algorithms.git";
			requirement = {
				kind = upToNextMajorVersion;
				minimumVersion = 1.0.0;
			};
		};
/* End XCRemoteSwiftPackageReference section */

/* Begin XCSwiftPackageProductDependency section */
		49E23AFA284B3D35004C8BA5 /* Algorithms */ = {
			isa = XCSwiftPackageProductDependency;
			package = 49E23AF9284B3D35004C8BA5 /* XCRemoteSwiftPackageReference "swift-algorithms" */;
			productName = Algorithms;
		};
/* End XCSwiftPackageProductDependency section */
	};
	rootObject = 49E23AD6284B37F2004C8BA5 /* Project object */;
}
